// !$*UTF8*$!
{
	archiveVersion = 1;
	classes = {
	};
	objectVersion = 55;
	objects = {

/* Begin PBXBuildFile section */
		4E0528D7291673F400CB22F1 /* BreweriesApp.swift in Sources */ = {isa = PBXBuildFile; fileRef = 4E0528D6291673F400CB22F1 /* BreweriesApp.swift */; };
		4E0528DB291673F700CB22F1 /* Assets.xcassets in Resources */ = {isa = PBXBuildFile; fileRef = 4E0528DA291673F700CB22F1 /* Assets.xcassets */; };
		4E0528DE291673F700CB22F1 /* Preview Assets.xcassets in Resources */ = {isa = PBXBuildFile; fileRef = 4E0528DD291673F700CB22F1 /* Preview Assets.xcassets */; };
		4E0528E8291673F700CB22F1 /* BreweriesTests.swift in Sources */ = {isa = PBXBuildFile; fileRef = 4E0528E7291673F700CB22F1 /* BreweriesTests.swift */; };
		4E0528F2291673F800CB22F1 /* BreweriesUITests.swift in Sources */ = {isa = PBXBuildFile; fileRef = 4E0528F1291673F800CB22F1 /* BreweriesUITests.swift */; };
		4E0528F4291673F800CB22F1 /* BreweriesUITestsLaunchTests.swift in Sources */ = {isa = PBXBuildFile; fileRef = 4E0528F3291673F800CB22F1 /* BreweriesUITestsLaunchTests.swift */; };
		4E0529022916745300CB22F1 /* Brewery.swift in Sources */ = {isa = PBXBuildFile; fileRef = 4E0529012916745300CB22F1 /* Brewery.swift */; };
		4E0529052916794200CB22F1 /* BreweriesService.swift in Sources */ = {isa = PBXBuildFile; fileRef = 4E0529042916794200CB22F1 /* BreweriesService.swift */; };
		4E0529072916844C00CB22F1 /* APICompletionBreweriesService.swift in Sources */ = {isa = PBXBuildFile; fileRef = 4E0529062916844C00CB22F1 /* APICompletionBreweriesService.swift */; };
		4E05290929168FB500CB22F1 /* FakeBreweriesService.swift in Sources */ = {isa = PBXBuildFile; fileRef = 4E05290829168FB500CB22F1 /* FakeBreweriesService.swift */; };
		4E05290C2916FD5300CB22F1 /* BreweriesView.swift in Sources */ = {isa = PBXBuildFile; fileRef = 4E05290B2916FD5300CB22F1 /* BreweriesView.swift */; };
		4E05290E2916FD6E00CB22F1 /* BreweriesListViewModel.swift in Sources */ = {isa = PBXBuildFile; fileRef = 4E05290D2916FD6E00CB22F1 /* BreweriesListViewModel.swift */; };
		4E0529102917CD9A00CB22F1 /* BreweryRowView.swift in Sources */ = {isa = PBXBuildFile; fileRef = 4E05290F2917CD9A00CB22F1 /* BreweryRowView.swift */; };
		4E0529122918311E00CB22F1 /* APICombineBreweriesService.swift in Sources */ = {isa = PBXBuildFile; fileRef = 4E0529112918311E00CB22F1 /* APICombineBreweriesService.swift */; };
		4E052916291912C000CB22F1 /* BreweryItemModel.swift in Sources */ = {isa = PBXBuildFile; fileRef = 4E052915291912C000CB22F1 /* BreweryItemModel.swift */; };
		4E05291B291926AF00CB22F1 /* BreweryItemViewModel.swift in Sources */ = {isa = PBXBuildFile; fileRef = 4E05291A291926AF00CB22F1 /* BreweryItemViewModel.swift */; };
		4E05291D2919274600CB22F1 /* BreweryDetailView.swift in Sources */ = {isa = PBXBuildFile; fileRef = 4E05291C2919274600CB22F1 /* BreweryDetailView.swift */; };
		4E05292129192AD700CB22F1 /* BreweryItemService.swift in Sources */ = {isa = PBXBuildFile; fileRef = 4E05292029192AD700CB22F1 /* BreweryItemService.swift */; };
		4E05292329192DC500CB22F1 /* APICombineBreweryItemService.swift in Sources */ = {isa = PBXBuildFile; fileRef = 4E05292229192DC500CB22F1 /* APICombineBreweryItemService.swift */; };
		4E052928291966BC00CB22F1 /* LoadingView.swift in Sources */ = {isa = PBXBuildFile; fileRef = 4E052927291966BC00CB22F1 /* LoadingView.swift */; };
		4E05292A291966F200CB22F1 /* FailureView.swift in Sources */ = {isa = PBXBuildFile; fileRef = 4E052929291966F200CB22F1 /* FailureView.swift */; };
		4E05292C29199FD300CB22F1 /* APIListService.swift in Sources */ = {isa = PBXBuildFile; fileRef = 4E05292B29199FD300CB22F1 /* APIListService.swift */; };
/* End PBXBuildFile section */

/* Begin PBXContainerItemProxy section */
		4E0528E4291673F700CB22F1 /* PBXContainerItemProxy */ = {
			isa = PBXContainerItemProxy;
			containerPortal = 4E0528CB291673F400CB22F1 /* Project object */;
			proxyType = 1;
			remoteGlobalIDString = 4E0528D2291673F400CB22F1;
			remoteInfo = Breweries;
		};
		4E0528EE291673F800CB22F1 /* PBXContainerItemProxy */ = {
			isa = PBXContainerItemProxy;
			containerPortal = 4E0528CB291673F400CB22F1 /* Project object */;
			proxyType = 1;
			remoteGlobalIDString = 4E0528D2291673F400CB22F1;
			remoteInfo = Breweries;
		};
/* End PBXContainerItemProxy section */

/* Begin PBXFileReference section */
		4E0528D3291673F400CB22F1 /* Breweries.app */ = {isa = PBXFileReference; explicitFileType = wrapper.application; includeInIndex = 0; path = Breweries.app; sourceTree = BUILT_PRODUCTS_DIR; };
		4E0528D6291673F400CB22F1 /* BreweriesApp.swift */ = {isa = PBXFileReference; lastKnownFileType = sourcecode.swift; path = BreweriesApp.swift; sourceTree = "<group>"; };
		4E0528DA291673F700CB22F1 /* Assets.xcassets */ = {isa = PBXFileReference; lastKnownFileType = folder.assetcatalog; path = Assets.xcassets; sourceTree = "<group>"; };
		4E0528DD291673F700CB22F1 /* Preview Assets.xcassets */ = {isa = PBXFileReference; lastKnownFileType = folder.assetcatalog; path = "Preview Assets.xcassets"; sourceTree = "<group>"; };
		4E0528E3291673F700CB22F1 /* BreweriesTests.xctest */ = {isa = PBXFileReference; explicitFileType = wrapper.cfbundle; includeInIndex = 0; path = BreweriesTests.xctest; sourceTree = BUILT_PRODUCTS_DIR; };
		4E0528E7291673F700CB22F1 /* BreweriesTests.swift */ = {isa = PBXFileReference; lastKnownFileType = sourcecode.swift; path = BreweriesTests.swift; sourceTree = "<group>"; };
		4E0528ED291673F800CB22F1 /* BreweriesUITests.xctest */ = {isa = PBXFileReference; explicitFileType = wrapper.cfbundle; includeInIndex = 0; path = BreweriesUITests.xctest; sourceTree = BUILT_PRODUCTS_DIR; };
		4E0528F1291673F800CB22F1 /* BreweriesUITests.swift */ = {isa = PBXFileReference; lastKnownFileType = sourcecode.swift; path = BreweriesUITests.swift; sourceTree = "<group>"; };
		4E0528F3291673F800CB22F1 /* BreweriesUITestsLaunchTests.swift */ = {isa = PBXFileReference; lastKnownFileType = sourcecode.swift; path = BreweriesUITestsLaunchTests.swift; sourceTree = "<group>"; };
		4E0529012916745300CB22F1 /* Brewery.swift */ = {isa = PBXFileReference; lastKnownFileType = sourcecode.swift; path = Brewery.swift; sourceTree = "<group>"; };
		4E0529042916794200CB22F1 /* BreweriesService.swift */ = {isa = PBXFileReference; lastKnownFileType = sourcecode.swift; path = BreweriesService.swift; sourceTree = "<group>"; };
		4E0529062916844C00CB22F1 /* APICompletionBreweriesService.swift */ = {isa = PBXFileReference; lastKnownFileType = sourcecode.swift; path = APICompletionBreweriesService.swift; sourceTree = "<group>"; };
		4E05290829168FB500CB22F1 /* FakeBreweriesService.swift */ = {isa = PBXFileReference; lastKnownFileType = sourcecode.swift; path = FakeBreweriesService.swift; sourceTree = "<group>"; };
		4E05290B2916FD5300CB22F1 /* BreweriesView.swift */ = {isa = PBXFileReference; lastKnownFileType = sourcecode.swift; path = BreweriesView.swift; sourceTree = "<group>"; };
		4E05290D2916FD6E00CB22F1 /* BreweriesListViewModel.swift */ = {isa = PBXFileReference; lastKnownFileType = sourcecode.swift; path = BreweriesListViewModel.swift; sourceTree = "<group>"; };
		4E05290F2917CD9A00CB22F1 /* BreweryRowView.swift */ = {isa = PBXFileReference; lastKnownFileType = sourcecode.swift; path = BreweryRowView.swift; sourceTree = "<group>"; };
		4E0529112918311E00CB22F1 /* APICombineBreweriesService.swift */ = {isa = PBXFileReference; lastKnownFileType = sourcecode.swift; path = APICombineBreweriesService.swift; sourceTree = "<group>"; };
		4E052915291912C000CB22F1 /* BreweryItemModel.swift */ = {isa = PBXFileReference; lastKnownFileType = sourcecode.swift; path = BreweryItemModel.swift; sourceTree = "<group>"; };
		4E05291A291926AF00CB22F1 /* BreweryItemViewModel.swift */ = {isa = PBXFileReference; lastKnownFileType = sourcecode.swift; path = BreweryItemViewModel.swift; sourceTree = "<group>"; };
		4E05291C2919274600CB22F1 /* BreweryDetailView.swift */ = {isa = PBXFileReference; lastKnownFileType = sourcecode.swift; path = BreweryDetailView.swift; sourceTree = "<group>"; };
		4E05292029192AD700CB22F1 /* BreweryItemService.swift */ = {isa = PBXFileReference; lastKnownFileType = sourcecode.swift; path = BreweryItemService.swift; sourceTree = "<group>"; };
		4E05292229192DC500CB22F1 /* APICombineBreweryItemService.swift */ = {isa = PBXFileReference; lastKnownFileType = sourcecode.swift; path = APICombineBreweryItemService.swift; sourceTree = "<group>"; };
		4E052927291966BC00CB22F1 /* LoadingView.swift */ = {isa = PBXFileReference; lastKnownFileType = sourcecode.swift; path = LoadingView.swift; sourceTree = "<group>"; };
		4E052929291966F200CB22F1 /* FailureView.swift */ = {isa = PBXFileReference; lastKnownFileType = sourcecode.swift; path = FailureView.swift; sourceTree = "<group>"; };
		4E05292B29199FD300CB22F1 /* APIListService.swift */ = {isa = PBXFileReference; lastKnownFileType = sourcecode.swift; path = APIListService.swift; sourceTree = "<group>"; };
/* End PBXFileReference section */

/* Begin PBXFrameworksBuildPhase section */
		4E0528D0291673F400CB22F1 /* Frameworks */ = {
			isa = PBXFrameworksBuildPhase;
			buildActionMask = 2147483647;
			files = (
			);
			runOnlyForDeploymentPostprocessing = 0;
		};
		4E0528E0291673F700CB22F1 /* Frameworks */ = {
			isa = PBXFrameworksBuildPhase;
			buildActionMask = 2147483647;
			files = (
			);
			runOnlyForDeploymentPostprocessing = 0;
		};
		4E0528EA291673F800CB22F1 /* Frameworks */ = {
			isa = PBXFrameworksBuildPhase;
			buildActionMask = 2147483647;
			files = (
			);
			runOnlyForDeploymentPostprocessing = 0;
		};
/* End PBXFrameworksBuildPhase section */

/* Begin PBXGroup section */
		4E0528CA291673F400CB22F1 = {
			isa = PBXGroup;
			children = (
				4E0528D5291673F400CB22F1 /* Breweries */,
				4E0528E6291673F700CB22F1 /* BreweriesTests */,
				4E0528F0291673F800CB22F1 /* BreweriesUITests */,
				4E0528D4291673F400CB22F1 /* Products */,
			);
			sourceTree = "<group>";
		};
		4E0528D4291673F400CB22F1 /* Products */ = {
			isa = PBXGroup;
			children = (
				4E0528D3291673F400CB22F1 /* Breweries.app */,
				4E0528E3291673F700CB22F1 /* BreweriesTests.xctest */,
				4E0528ED291673F800CB22F1 /* BreweriesUITests.xctest */,
			);
			name = Products;
			sourceTree = "<group>";
		};
		4E0528D5291673F400CB22F1 /* Breweries */ = {
			isa = PBXGroup;
			children = (
				4E0529262919669F00CB22F1 /* Views */,
				4E0529172919261900CB22F1 /* Detail */,
				4E05290A2916FD1A00CB22F1 /* List */,
				4E0529032916792E00CB22F1 /* Service */,
				4E0529002916743200CB22F1 /* Models */,
				4E0528D6291673F400CB22F1 /* BreweriesApp.swift */,
				4E0528DA291673F700CB22F1 /* Assets.xcassets */,
				4E0528DC291673F700CB22F1 /* Preview Content */,
			);
			path = Breweries;
			sourceTree = "<group>";
		};
		4E0528DC291673F700CB22F1 /* Preview Content */ = {
			isa = PBXGroup;
			children = (
				4E0528DD291673F700CB22F1 /* Preview Assets.xcassets */,
			);
			path = "Preview Content";
			sourceTree = "<group>";
		};
		4E0528E6291673F700CB22F1 /* BreweriesTests */ = {
			isa = PBXGroup;
			children = (
				4E0528E7291673F700CB22F1 /* BreweriesTests.swift */,
			);
			path = BreweriesTests;
			sourceTree = "<group>";
		};
		4E0528F0291673F800CB22F1 /* BreweriesUITests */ = {
			isa = PBXGroup;
			children = (
				4E0528F1291673F800CB22F1 /* BreweriesUITests.swift */,
				4E0528F3291673F800CB22F1 /* BreweriesUITestsLaunchTests.swift */,
			);
			path = BreweriesUITests;
			sourceTree = "<group>";
		};
		4E0529002916743200CB22F1 /* Models */ = {
			isa = PBXGroup;
			children = (
				4E0529012916745300CB22F1 /* Brewery.swift */,
				4E052915291912C000CB22F1 /* BreweryItemModel.swift */,
			);
			path = Models;
			sourceTree = "<group>";
		};
		4E0529032916792E00CB22F1 /* Service */ = {
			isa = PBXGroup;
			children = (
				4E0529252919622D00CB22F1 /* BreweryItemService */,
				4E0529242919621100CB22F1 /* BreweriesService */,
			);
			path = Service;
			sourceTree = "<group>";
		};
		4E05290A2916FD1A00CB22F1 /* List */ = {
			isa = PBXGroup;
			children = (
				4E05290F2917CD9A00CB22F1 /* BreweryRowView.swift */,
				4E05290B2916FD5300CB22F1 /* BreweriesView.swift */,
				4E05290D2916FD6E00CB22F1 /* BreweriesListViewModel.swift */,
			);
			path = List;
			sourceTree = "<group>";
		};
		4E0529172919261900CB22F1 /* Detail */ = {
			isa = PBXGroup;
			children = (
				4E05291C2919274600CB22F1 /* BreweryDetailView.swift */,
				4E05291A291926AF00CB22F1 /* BreweryItemViewModel.swift */,
			);
			path = Detail;
			sourceTree = "<group>";
		};
		4E0529242919621100CB22F1 /* BreweriesService */ = {
			isa = PBXGroup;
			children = (
				4E0529042916794200CB22F1 /* BreweriesService.swift */,
				4E0529112918311E00CB22F1 /* APICombineBreweriesService.swift */,
				4E0529062916844C00CB22F1 /* APICompletionBreweriesService.swift */,
				4E05290829168FB500CB22F1 /* FakeBreweriesService.swift */,
				4E05292B29199FD300CB22F1 /* APIListService.swift */,
			);
			path = BreweriesService;
			sourceTree = "<group>";
		};
		4E0529252919622D00CB22F1 /* BreweryItemService */ = {
			isa = PBXGroup;
			children = (
				4E05292029192AD700CB22F1 /* BreweryItemService.swift */,
				4E05292229192DC500CB22F1 /* APICombineBreweryItemService.swift */,
			);
			path = BreweryItemService;
			sourceTree = "<group>";
		};
		4E0529262919669F00CB22F1 /* Views */ = {
			isa = PBXGroup;
			children = (
				4E052927291966BC00CB22F1 /* LoadingView.swift */,
				4E052929291966F200CB22F1 /* FailureView.swift */,
			);
			path = Views;
			sourceTree = "<group>";
		};
/* End PBXGroup section */

/* Begin PBXNativeTarget section */
		4E0528D2291673F400CB22F1 /* Breweries */ = {
			isa = PBXNativeTarget;
			buildConfigurationList = 4E0528F7291673F800CB22F1 /* Build configuration list for PBXNativeTarget "Breweries" */;
			buildPhases = (
				4E0528CF291673F400CB22F1 /* Sources */,
				4E0528D0291673F400CB22F1 /* Frameworks */,
				4E0528D1291673F400CB22F1 /* Resources */,
			);
			buildRules = (
			);
			dependencies = (
			);
			name = Breweries;
			productName = Breweries;
			productReference = 4E0528D3291673F400CB22F1 /* Breweries.app */;
			productType = "com.apple.product-type.application";
		};
		4E0528E2291673F700CB22F1 /* BreweriesTests */ = {
			isa = PBXNativeTarget;
			buildConfigurationList = 4E0528FA291673F800CB22F1 /* Build configuration list for PBXNativeTarget "BreweriesTests" */;
			buildPhases = (
				4E0528DF291673F700CB22F1 /* Sources */,
				4E0528E0291673F700CB22F1 /* Frameworks */,
				4E0528E1291673F700CB22F1 /* Resources */,
			);
			buildRules = (
			);
			dependencies = (
				4E0528E5291673F700CB22F1 /* PBXTargetDependency */,
			);
			name = BreweriesTests;
			productName = BreweriesTests;
			productReference = 4E0528E3291673F700CB22F1 /* BreweriesTests.xctest */;
			productType = "com.apple.product-type.bundle.unit-test";
		};
		4E0528EC291673F800CB22F1 /* BreweriesUITests */ = {
			isa = PBXNativeTarget;
			buildConfigurationList = 4E0528FD291673F800CB22F1 /* Build configuration list for PBXNativeTarget "BreweriesUITests" */;
			buildPhases = (
				4E0528E9291673F800CB22F1 /* Sources */,
				4E0528EA291673F800CB22F1 /* Frameworks */,
				4E0528EB291673F800CB22F1 /* Resources */,
			);
			buildRules = (
			);
			dependencies = (
				4E0528EF291673F800CB22F1 /* PBXTargetDependency */,
			);
			name = BreweriesUITests;
			productName = BreweriesUITests;
			productReference = 4E0528ED291673F800CB22F1 /* BreweriesUITests.xctest */;
			productType = "com.apple.product-type.bundle.ui-testing";
		};
/* End PBXNativeTarget section */

/* Begin PBXProject section */
		4E0528CB291673F400CB22F1 /* Project object */ = {
			isa = PBXProject;
			attributes = {
				BuildIndependentTargetsInParallel = 1;
				LastSwiftUpdateCheck = 1340;
				LastUpgradeCheck = 1340;
				TargetAttributes = {
					4E0528D2291673F400CB22F1 = {
						CreatedOnToolsVersion = 13.4.1;
					};
					4E0528E2291673F700CB22F1 = {
						CreatedOnToolsVersion = 13.4.1;
						TestTargetID = 4E0528D2291673F400CB22F1;
					};
					4E0528EC291673F800CB22F1 = {
						CreatedOnToolsVersion = 13.4.1;
						TestTargetID = 4E0528D2291673F400CB22F1;
					};
				};
			};
			buildConfigurationList = 4E0528CE291673F400CB22F1 /* Build configuration list for PBXProject "Breweries" */;
			compatibilityVersion = "Xcode 13.0";
			developmentRegion = en;
			hasScannedForEncodings = 0;
			knownRegions = (
				en,
				Base,
			);
			mainGroup = 4E0528CA291673F400CB22F1;
			productRefGroup = 4E0528D4291673F400CB22F1 /* Products */;
			projectDirPath = "";
			projectRoot = "";
			targets = (
				4E0528D2291673F400CB22F1 /* Breweries */,
				4E0528E2291673F700CB22F1 /* BreweriesTests */,
				4E0528EC291673F800CB22F1 /* BreweriesUITests */,
			);
		};
/* End PBXProject section */

/* Begin PBXResourcesBuildPhase section */
		4E0528D1291673F400CB22F1 /* Resources */ = {
			isa = PBXResourcesBuildPhase;
			buildActionMask = 2147483647;
			files = (
				4E0528DE291673F700CB22F1 /* Preview Assets.xcassets in Resources */,
				4E0528DB291673F700CB22F1 /* Assets.xcassets in Resources */,
			);
			runOnlyForDeploymentPostprocessing = 0;
		};
		4E0528E1291673F700CB22F1 /* Resources */ = {
			isa = PBXResourcesBuildPhase;
			buildActionMask = 2147483647;
			files = (
			);
			runOnlyForDeploymentPostprocessing = 0;
		};
		4E0528EB291673F800CB22F1 /* Resources */ = {
			isa = PBXResourcesBuildPhase;
			buildActionMask = 2147483647;
			files = (
			);
			runOnlyForDeploymentPostprocessing = 0;
		};
/* End PBXResourcesBuildPhase section */

/* Begin PBXSourcesBuildPhase section */
		4E0528CF291673F400CB22F1 /* Sources */ = {
			isa = PBXSourcesBuildPhase;
			buildActionMask = 2147483647;
			files = (
				4E05291D2919274600CB22F1 /* BreweryDetailView.swift in Sources */,
				4E05291B291926AF00CB22F1 /* BreweryItemViewModel.swift in Sources */,
				4E0529022916745300CB22F1 /* Brewery.swift in Sources */,
				4E05292329192DC500CB22F1 /* APICombineBreweryItemService.swift in Sources */,
				4E0529072916844C00CB22F1 /* APICompletionBreweriesService.swift in Sources */,
				4E05290929168FB500CB22F1 /* FakeBreweriesService.swift in Sources */,
				4E0529102917CD9A00CB22F1 /* BreweryRowView.swift in Sources */,
				4E052916291912C000CB22F1 /* BreweryItemModel.swift in Sources */,
				4E052928291966BC00CB22F1 /* LoadingView.swift in Sources */,
				4E05292129192AD700CB22F1 /* BreweryItemService.swift in Sources */,
				4E05292C29199FD300CB22F1 /* APIListService.swift in Sources */,
				4E0529052916794200CB22F1 /* BreweriesService.swift in Sources */,
				4E0528D7291673F400CB22F1 /* BreweriesApp.swift in Sources */,
				4E05290C2916FD5300CB22F1 /* BreweriesView.swift in Sources */,
				4E0529122918311E00CB22F1 /* APICombineBreweriesService.swift in Sources */,
				4E05290E2916FD6E00CB22F1 /* BreweriesListViewModel.swift in Sources */,
				4E05292A291966F200CB22F1 /* FailureView.swift in Sources */,
			);
			runOnlyForDeploymentPostprocessing = 0;
		};
		4E0528DF291673F700CB22F1 /* Sources */ = {
			isa = PBXSourcesBuildPhase;
			buildActionMask = 2147483647;
			files = (
				4E0528E8291673F700CB22F1 /* BreweriesTests.swift in Sources */,
			);
			runOnlyForDeploymentPostprocessing = 0;
		};
		4E0528E9291673F800CB22F1 /* Sources */ = {
			isa = PBXSourcesBuildPhase;
			buildActionMask = 2147483647;
			files = (
				4E0528F2291673F800CB22F1 /* BreweriesUITests.swift in Sources */,
				4E0528F4291673F800CB22F1 /* BreweriesUITestsLaunchTests.swift in Sources */,
			);
			runOnlyForDeploymentPostprocessing = 0;
		};
/* End PBXSourcesBuildPhase section */

/* Begin PBXTargetDependency section */
		4E0528E5291673F700CB22F1 /* PBXTargetDependency */ = {
			isa = PBXTargetDependency;
			target = 4E0528D2291673F400CB22F1 /* Breweries */;
			targetProxy = 4E0528E4291673F700CB22F1 /* PBXContainerItemProxy */;
		};
		4E0528EF291673F800CB22F1 /* PBXTargetDependency */ = {
			isa = PBXTargetDependency;
			target = 4E0528D2291673F400CB22F1 /* Breweries */;
			targetProxy = 4E0528EE291673F800CB22F1 /* PBXContainerItemProxy */;
		};
/* End PBXTargetDependency section */

/* Begin XCBuildConfiguration section */
		4E0528F5291673F800CB22F1 /* Debug */ = {
			isa = XCBuildConfiguration;
			buildSettings = {
				ALWAYS_SEARCH_USER_PATHS = NO;
				CLANG_ANALYZER_NONNULL = YES;
				CLANG_ANALYZER_NUMBER_OBJECT_CONVERSION = YES_AGGRESSIVE;
				CLANG_CXX_LANGUAGE_STANDARD = "gnu++17";
				CLANG_ENABLE_MODULES = YES;
				CLANG_ENABLE_OBJC_ARC = YES;
				CLANG_ENABLE_OBJC_WEAK = YES;
				CLANG_WARN_BLOCK_CAPTURE_AUTORELEASING = YES;
				CLANG_WARN_BOOL_CONVERSION = YES;
				CLANG_WARN_COMMA = YES;
				CLANG_WARN_CONSTANT_CONVERSION = YES;
				CLANG_WARN_DEPRECATED_OBJC_IMPLEMENTATIONS = YES;
				CLANG_WARN_DIRECT_OBJC_ISA_USAGE = YES_ERROR;
				CLANG_WARN_DOCUMENTATION_COMMENTS = YES;
				CLANG_WARN_EMPTY_BODY = YES;
				CLANG_WARN_ENUM_CONVERSION = YES;
				CLANG_WARN_INFINITE_RECURSION = YES;
				CLANG_WARN_INT_CONVERSION = YES;
				CLANG_WARN_NON_LITERAL_NULL_CONVERSION = YES;
				CLANG_WARN_OBJC_IMPLICIT_RETAIN_SELF = YES;
				CLANG_WARN_OBJC_LITERAL_CONVERSION = YES;
				CLANG_WARN_OBJC_ROOT_CLASS = YES_ERROR;
				CLANG_WARN_QUOTED_INCLUDE_IN_FRAMEWORK_HEADER = YES;
				CLANG_WARN_RANGE_LOOP_ANALYSIS = YES;
				CLANG_WARN_STRICT_PROTOTYPES = YES;
				CLANG_WARN_SUSPICIOUS_MOVE = YES;
				CLANG_WARN_UNGUARDED_AVAILABILITY = YES_AGGRESSIVE;
				CLANG_WARN_UNREACHABLE_CODE = YES;
				CLANG_WARN__DUPLICATE_METHOD_MATCH = YES;
				COPY_PHASE_STRIP = NO;
				DEBUG_INFORMATION_FORMAT = dwarf;
				ENABLE_STRICT_OBJC_MSGSEND = YES;
				ENABLE_TESTABILITY = YES;
				GCC_C_LANGUAGE_STANDARD = gnu11;
				GCC_DYNAMIC_NO_PIC = NO;
				GCC_NO_COMMON_BLOCKS = YES;
				GCC_OPTIMIZATION_LEVEL = 0;
				GCC_PREPROCESSOR_DEFINITIONS = (
					"DEBUG=1",
					"$(inherited)",
				);
				GCC_WARN_64_TO_32_BIT_CONVERSION = YES;
				GCC_WARN_ABOUT_RETURN_TYPE = YES_ERROR;
				GCC_WARN_UNDECLARED_SELECTOR = YES;
				GCC_WARN_UNINITIALIZED_AUTOS = YES_AGGRESSIVE;
				GCC_WARN_UNUSED_FUNCTION = YES;
				GCC_WARN_UNUSED_VARIABLE = YES;
				IPHONEOS_DEPLOYMENT_TARGET = 15.5;
				MTL_ENABLE_DEBUG_INFO = INCLUDE_SOURCE;
				MTL_FAST_MATH = YES;
				ONLY_ACTIVE_ARCH = YES;
				SDKROOT = iphoneos;
				SWIFT_ACTIVE_COMPILATION_CONDITIONS = DEBUG;
				SWIFT_OPTIMIZATION_LEVEL = "-Onone";
			};
			name = Debug;
		};
		4E0528F6291673F800CB22F1 /* Release */ = {
			isa = XCBuildConfiguration;
			buildSettings = {
				ALWAYS_SEARCH_USER_PATHS = NO;
				CLANG_ANALYZER_NONNULL = YES;
				CLANG_ANALYZER_NUMBER_OBJECT_CONVERSION = YES_AGGRESSIVE;
				CLANG_CXX_LANGUAGE_STANDARD = "gnu++17";
				CLANG_ENABLE_MODULES = YES;
				CLANG_ENABLE_OBJC_ARC = YES;
				CLANG_ENABLE_OBJC_WEAK = YES;
				CLANG_WARN_BLOCK_CAPTURE_AUTORELEASING = YES;
				CLANG_WARN_BOOL_CONVERSION = YES;
				CLANG_WARN_COMMA = YES;
				CLANG_WARN_CONSTANT_CONVERSION = YES;
				CLANG_WARN_DEPRECATED_OBJC_IMPLEMENTATIONS = YES;
				CLANG_WARN_DIRECT_OBJC_ISA_USAGE = YES_ERROR;
				CLANG_WARN_DOCUMENTATION_COMMENTS = YES;
				CLANG_WARN_EMPTY_BODY = YES;
				CLANG_WARN_ENUM_CONVERSION = YES;
				CLANG_WARN_INFINITE_RECURSION = YES;
				CLANG_WARN_INT_CONVERSION = YES;
				CLANG_WARN_NON_LITERAL_NULL_CONVERSION = YES;
				CLANG_WARN_OBJC_IMPLICIT_RETAIN_SELF = YES;
				CLANG_WARN_OBJC_LITERAL_CONVERSION = YES;
				CLANG_WARN_OBJC_ROOT_CLASS = YES_ERROR;
				CLANG_WARN_QUOTED_INCLUDE_IN_FRAMEWORK_HEADER = YES;
				CLANG_WARN_RANGE_LOOP_ANALYSIS = YES;
				CLANG_WARN_STRICT_PROTOTYPES = YES;
				CLANG_WARN_SUSPICIOUS_MOVE = YES;
				CLANG_WARN_UNGUARDED_AVAILABILITY = YES_AGGRESSIVE;
				CLANG_WARN_UNREACHABLE_CODE = YES;
				CLANG_WARN__DUPLICATE_METHOD_MATCH = YES;
				COPY_PHASE_STRIP = NO;
				DEBUG_INFORMATION_FORMAT = "dwarf-with-dsym";
				ENABLE_NS_ASSERTIONS = NO;
				ENABLE_STRICT_OBJC_MSGSEND = YES;
				GCC_C_LANGUAGE_STANDARD = gnu11;
				GCC_NO_COMMON_BLOCKS = YES;
				GCC_WARN_64_TO_32_BIT_CONVERSION = YES;
				GCC_WARN_ABOUT_RETURN_TYPE = YES_ERROR;
				GCC_WARN_UNDECLARED_SELECTOR = YES;
				GCC_WARN_UNINITIALIZED_AUTOS = YES_AGGRESSIVE;
				GCC_WARN_UNUSED_FUNCTION = YES;
				GCC_WARN_UNUSED_VARIABLE = YES;
				IPHONEOS_DEPLOYMENT_TARGET = 15.5;
				MTL_ENABLE_DEBUG_INFO = NO;
				MTL_FAST_MATH = YES;
				SDKROOT = iphoneos;
				SWIFT_COMPILATION_MODE = wholemodule;
				SWIFT_OPTIMIZATION_LEVEL = "-O";
				VALIDATE_PRODUCT = YES;
			};
			name = Release;
		};
		4E0528F8291673F800CB22F1 /* Debug */ = {
			isa = XCBuildConfiguration;
			buildSettings = {
				ASSETCATALOG_COMPILER_APPICON_NAME = AppIcon;
				ASSETCATALOG_COMPILER_GLOBAL_ACCENT_COLOR_NAME = AccentColor;
				CODE_SIGN_STYLE = Automatic;
				CURRENT_PROJECT_VERSION = 1;
				DEVELOPMENT_ASSET_PATHS = "\"Breweries/Preview Content\"";
				ENABLE_PREVIEWS = YES;
				GENERATE_INFOPLIST_FILE = YES;
				INFOPLIST_KEY_UIApplicationSceneManifest_Generation = YES;
				INFOPLIST_KEY_UIApplicationSupportsIndirectInputEvents = YES;
				INFOPLIST_KEY_UILaunchScreen_Generation = YES;
				INFOPLIST_KEY_UISupportedInterfaceOrientations_iPad = "UIInterfaceOrientationPortrait UIInterfaceOrientationPortraitUpsideDown UIInterfaceOrientationLandscapeLeft UIInterfaceOrientationLandscapeRight";
				INFOPLIST_KEY_UISupportedInterfaceOrientations_iPhone = "UIInterfaceOrientationPortrait UIInterfaceOrientationLandscapeLeft UIInterfaceOrientationLandscapeRight";
				LD_RUNPATH_SEARCH_PATHS = (
					"$(inherited)",
					"@executable_path/Frameworks",
				);
				MARKETING_VERSION = 1.0;
				PRODUCT_BUNDLE_IDENTIFIER = com.julia.Breweries;
				PRODUCT_NAME = "$(TARGET_NAME)";
				SWIFT_EMIT_LOC_STRINGS = YES;
				SWIFT_VERSION = 5.0;
				TARGETED_DEVICE_FAMILY = "1,2";
			};
			name = Debug;
		};
		4E0528F9291673F800CB22F1 /* Release */ = {
			isa = XCBuildConfiguration;
			buildSettings = {
				ASSETCATALOG_COMPILER_APPICON_NAME = AppIcon;
				ASSETCATALOG_COMPILER_GLOBAL_ACCENT_COLOR_NAME = AccentColor;
				CODE_SIGN_STYLE = Automatic;
				CURRENT_PROJECT_VERSION = 1;
				DEVELOPMENT_ASSET_PATHS = "\"Breweries/Preview Content\"";
				ENABLE_PREVIEWS = YES;
				GENERATE_INFOPLIST_FILE = YES;
				INFOPLIST_KEY_UIApplicationSceneManifest_Generation = YES;
				INFOPLIST_KEY_UIApplicationSupportsIndirectInputEvents = YES;
				INFOPLIST_KEY_UILaunchScreen_Generation = YES;
				INFOPLIST_KEY_UISupportedInterfaceOrientations_iPad = "UIInterfaceOrientationPortrait UIInterfaceOrientationPortraitUpsideDown UIInterfaceOrientationLandscapeLeft UIInterfaceOrientationLandscapeRight";
				INFOPLIST_KEY_UISupportedInterfaceOrientations_iPhone = "UIInterfaceOrientationPortrait UIInterfaceOrientationLandscapeLeft UIInterfaceOrientationLandscapeRight";
				LD_RUNPATH_SEARCH_PATHS = (
					"$(inherited)",
					"@executable_path/Frameworks",
				);
				MARKETING_VERSION = 1.0;
				PRODUCT_BUNDLE_IDENTIFIER = com.julia.Breweries;
				PRODUCT_NAME = "$(TARGET_NAME)";
				SWIFT_EMIT_LOC_STRINGS = YES;
				SWIFT_VERSION = 5.0;
				TARGETED_DEVICE_FAMILY = "1,2";
			};
			name = Release;
		};
		4E0528FB291673F800CB22F1 /* Debug */ = {
			isa = XCBuildConfiguration;
			buildSettings = {
				ALWAYS_EMBED_SWIFT_STANDARD_LIBRARIES = YES;
				BUNDLE_LOADER = "$(TEST_HOST)";
				CODE_SIGN_STYLE = Automatic;
				CURRENT_PROJECT_VERSION = 1;
				GENERATE_INFOPLIST_FILE = YES;
				IPHONEOS_DEPLOYMENT_TARGET = 15.5;
				MARKETING_VERSION = 1.0;
				PRODUCT_BUNDLE_IDENTIFIER = com.julia.BreweriesTests;
				PRODUCT_NAME = "$(TARGET_NAME)";
				SWIFT_EMIT_LOC_STRINGS = NO;
				SWIFT_VERSION = 5.0;
				TARGETED_DEVICE_FAMILY = "1,2";
				TEST_HOST = "$(BUILT_PRODUCTS_DIR)/Breweries.app/Breweries";
			};
			name = Debug;
		};
		4E0528FC291673F800CB22F1 /* Release */ = {
			isa = XCBuildConfiguration;
			buildSettings = {
				ALWAYS_EMBED_SWIFT_STANDARD_LIBRARIES = YES;
				BUNDLE_LOADER = "$(TEST_HOST)";
				CODE_SIGN_STYLE = Automatic;
				CURRENT_PROJECT_VERSION = 1;
				GENERATE_INFOPLIST_FILE = YES;
				IPHONEOS_DEPLOYMENT_TARGET = 15.5;
				MARKETING_VERSION = 1.0;
				PRODUCT_BUNDLE_IDENTIFIER = com.julia.BreweriesTests;
				PRODUCT_NAME = "$(TARGET_NAME)";
				SWIFT_EMIT_LOC_STRINGS = NO;
				SWIFT_VERSION = 5.0;
				TARGETED_DEVICE_FAMILY = "1,2";
				TEST_HOST = "$(BUILT_PRODUCTS_DIR)/Breweries.app/Breweries";
			};
			name = Release;
		};
		4E0528FE291673F800CB22F1 /* Debug */ = {
			isa = XCBuildConfiguration;
			buildSettings = {
				ALWAYS_EMBED_SWIFT_STANDARD_LIBRARIES = YES;
				CODE_SIGN_STYLE = Automatic;
				CURRENT_PROJECT_VERSION = 1;
				GENERATE_INFOPLIST_FILE = YES;
				MARKETING_VERSION = 1.0;
				PRODUCT_BUNDLE_IDENTIFIER = com.julia.BreweriesUITests;
				PRODUCT_NAME = "$(TARGET_NAME)";
				SWIFT_EMIT_LOC_STRINGS = NO;
				SWIFT_VERSION = 5.0;
				TARGETED_DEVICE_FAMILY = "1,2";
				TEST_TARGET_NAME = Breweries;
			};
			name = Debug;
		};
		4E0528FF291673F800CB22F1 /* Release */ = {
			isa = XCBuildConfiguration;
			buildSettings = {
				ALWAYS_EMBED_SWIFT_STANDARD_LIBRARIES = YES;
				CODE_SIGN_STYLE = Automatic;
				CURRENT_PROJECT_VERSION = 1;
				GENERATE_INFOPLIST_FILE = YES;
				MARKETING_VERSION = 1.0;
				PRODUCT_BUNDLE_IDENTIFIER = com.julia.BreweriesUITests;
				PRODUCT_NAME = "$(TARGET_NAME)";
				SWIFT_EMIT_LOC_STRINGS = NO;
				SWIFT_VERSION = 5.0;
				TARGETED_DEVICE_FAMILY = "1,2";
				TEST_TARGET_NAME = Breweries;
			};
			name = Release;
		};
/* End XCBuildConfiguration section */

/* Begin XCConfigurationList section */
		4E0528CE291673F400CB22F1 /* Build configuration list for PBXProject "Breweries" */ = {
			isa = XCConfigurationList;
			buildConfigurations = (
				4E0528F5291673F800CB22F1 /* Debug */,
				4E0528F6291673F800CB22F1 /* Release */,
			);
			defaultConfigurationIsVisible = 0;
			defaultConfigurationName = Release;
		};
		4E0528F7291673F800CB22F1 /* Build configuration list for PBXNativeTarget "Breweries" */ = {
			isa = XCConfigurationList;
			buildConfigurations = (
				4E0528F8291673F800CB22F1 /* Debug */,
				4E0528F9291673F800CB22F1 /* Release */,
			);
			defaultConfigurationIsVisible = 0;
			defaultConfigurationName = Release;
		};
		4E0528FA291673F800CB22F1 /* Build configuration list for PBXNativeTarget "BreweriesTests" */ = {
			isa = XCConfigurationList;
			buildConfigurations = (
				4E0528FB291673F800CB22F1 /* Debug */,
				4E0528FC291673F800CB22F1 /* Release */,
			);
			defaultConfigurationIsVisible = 0;
			defaultConfigurationName = Release;
		};
		4E0528FD291673F800CB22F1 /* Build configuration list for PBXNativeTarget "BreweriesUITests" */ = {
			isa = XCConfigurationList;
			buildConfigurations = (
				4E0528FE291673F800CB22F1 /* Debug */,
				4E0528FF291673F800CB22F1 /* Release */,
			);
			defaultConfigurationIsVisible = 0;
			defaultConfigurationName = Release;
		};
/* End XCConfigurationList section */
	};
	rootObject = 4E0528CB291673F400CB22F1 /* Project object */;
}
